
Microsoft Visual Studio Solution File, Format Version 11.00
# Visual Studio 2010
Project("{FAE04EC0-301F-11D3-BF4B-00C04F79EFBC}") = "Mathematic", "..\..\csalg_math_0.1\Mathematic\Mathematic.csproj", "{A3EF393F-359D-47ED-92EE-2F1EA1D4BD07}"
EndProject
Global
	GlobalSection(SolutionConfigurationPlatforms) = preSolution
		Debug|Any CPU = Debug|Any CPU
		Release|Any CPU = Release|Any CPU
	EndGlobalSection
	GlobalSection(ProjectConfigurationPlatforms) = postSolution
		{A3EF393F-359D-47ED-92EE-2F1EA1D4BD07}.Debug|Any CPU.ActiveCfg = Debug|Any CPU
		{A3EF393F-359D-47ED-92EE-2F1EA1D4BD07}.Debug|Any CPU.Build.0 = Debug|Any CPU
		{A3EF393F-359D-47ED-92EE-2F1EA1D4BD07}.Release|Any CPU.ActiveCfg = Release|Any CPU
		{A3EF393F-359D-47ED-92EE-2F1EA1D4BD07}.Release|Any CPU.Build.0 = Release|Any CPU
	EndGlobalSection
	GlobalSection(SolutionProperties) = preSolution
		HideSolutionNode = FALSE
	EndGlobalSection
EndGlobal
